// !$*UTF8*$!
{
	archiveVersion = 1;
	classes = {
	};
	objectVersion = 46;
	objects = {

/* Begin PBXBuildFile section */
		14F31BCF1F36E9F400A44180 /* AppDelegate.swift in Sources */ = {isa = PBXBuildFile; fileRef = 14F31BCE1F36E9F400A44180 /* AppDelegate.swift */; };
		14F31BD11F36E9F400A44180 /* ViewController.swift in Sources */ = {isa = PBXBuildFile; fileRef = 14F31BD01F36E9F400A44180 /* ViewController.swift */; };
		14F31BD41F36E9F400A44180 /* Main.storyboard in Resources */ = {isa = PBXBuildFile; fileRef = 14F31BD21F36E9F400A44180 /* Main.storyboard */; };
		14F31BD61F36E9F400A44180 /* Assets.xcassets in Resources */ = {isa = PBXBuildFile; fileRef = 14F31BD51F36E9F400A44180 /* Assets.xcassets */; };
		14F31BD91F36E9F400A44180 /* LaunchScreen.storyboard in Resources */ = {isa = PBXBuildFile; fileRef = 14F31BD71F36E9F400A44180 /* LaunchScreen.storyboard */; };
/* End PBXBuildFile section */

/* Begin PBXFileReference section */
		14F31BCB1F36E9F400A44180 /* UserNotification.app */ = {isa = PBXFileReference; explicitFileType = wrapper.application; includeInIndex = 0; path = UserNotification.app; sourceTree = BUILT_PRODUCTS_DIR; };
		14F31BCE1F36E9F400A44180 /* AppDelegate.swift */ = {isa = PBXFileReference; lastKnownFileType = sourcecode.swift; path = AppDelegate.swift; sourceTree = "<group>"; };
		14F31BD01F36E9F400A44180 /* ViewController.swift */ = {isa = PBXFileReference; lastKnownFileType = sourcecode.swift; path = ViewController.swift; sourceTree = "<group>"; };
		14F31BD31F36E9F400A44180 /* Base */ = {isa = PBXFileReference; lastKnownFileType = file.storyboard; name = Base; path = Base.lproj/Main.storyboard; sourceTree = "<group>"; };
		14F31BD51F36E9F400A44180 /* Assets.xcassets */ = {isa = PBXFileReference; lastKnownFileType = folder.assetcatalog; path = Assets.xcassets; sourceTree = "<group>"; };
		14F31BD81F36E9F400A44180 /* Base */ = {isa = PBXFileReference; lastKnownFileType = file.storyboard; name = Base; path = Base.lproj/LaunchScreen.storyboard; sourceTree = "<group>"; };
		14F31BDA1F36E9F400A44180 /* Info.plist */ = {isa = PBXFileReference; lastKnownFileType = text.plist.xml; path = Info.plist; sourceTree = "<group>"; };
/* End PBXFileReference section */

/* Begin PBXFrameworksBuildPhase section */
		14F31BC81F36E9F400A44180 /* Frameworks */ = {
			isa = PBXFrameworksBuildPhase;
			buildActionMask = 2147483647;
			files = (
			);
			runOnlyForDeploymentPostprocessing = 0;
		};
/* End PBXFrameworksBuildPhase section */

/* Begin PBXGroup section */
		14F31BC21F36E9F400A44180 = {
			isa = PBXGroup;
			children = (
				14F31BCD1F36E9F400A44180 /* UserNotification */,
				14F31BCC1F36E9F400A44180 /* Products */,
			);
			sourceTree = "<group>";
		};
		14F31BCC1F36E9F400A44180 /* Products */ = {
			isa = PBXGroup;
			children = (
				14F31BCB1F36E9F400A44180 /* UserNotification.app */,
			);
			name = Products;
			sourceTree = "<group>";
		};
		14F31BCD1F36E9F400A44180 /* UserNotification */ = {
			isa = PBXGroup;
			children = (
				14F31BCE1F36E9F400A44180 /* AppDelegate.swift */,
				14F31BD01F36E9F400A44180 /* ViewController.swift */,
				14F31BD21F36E9F400A44180 /* Main.storyboard */,
				14F31BD51F36E9F400A44180 /* Assets.xcassets */,
				14F31BD71F36E9F400A44180 /* LaunchScreen.storyboard */,
				14F31BDA1F36E9F400A44180 /* Info.plist */,
			);
			path = UserNotification;
			sourceTree = "<group>";
		};
/* End PBXGroup section */

/* Begin PBXNativeTarget section */
		14F31BCA1F36E9F400A44180 /* UserNotification */ = {
			isa = PBXNativeTarget;
			buildConfigurationList = 14F31BDD1F36E9F400A44180 /* Build configuration list for PBXNativeTarget "UserNotification" */;
			buildPhases = (
				14F31BC71F36E9F400A44180 /* Sources */,
				14F31BC81F36E9F400A44180 /* Frameworks */,
				14F31BC91F36E9F400A44180 /* Resources */,
			);
			buildRules = (
			);
			dependencies = (
			);
			name = UserNotification;
			productName = UserNotification;
			productReference = 14F31BCB1F36E9F400A44180 /* UserNotification.app */;
			productType = "com.apple.product-type.application";
		};
/* End PBXNativeTarget section */

/* Begin PBXProject section */
		14F31BC31F36E9F400A44180 /* Project object */ = {
			isa = PBXProject;
			attributes = {
				LastSwiftUpdateCheck = 0830;
				LastUpgradeCheck = 0830;
				ORGANIZATIONNAME = Zedd;
				TargetAttributes = {
					14F31BCA1F36E9F400A44180 = {
						CreatedOnToolsVersion = 8.3.3;
						DevelopmentTeam = T8A579Y9HW;
						ProvisioningStyle = Automatic;
					};
				};
			};
			buildConfigurationList = 14F31BC61F36E9F400A44180 /* Build configuration list for PBXProject "UserNotification" */;
			compatibilityVersion = "Xcode 3.2";
			developmentRegion = English;
			hasScannedForEncodings = 0;
			knownRegions = (
				en,
				Base,
			);
			mainGroup = 14F31BC21F36E9F400A44180;
			productRefGroup = 14F31BCC1F36E9F400A44180 /* Products */;
			projectDirPath = "";
			projectRoot = "";
			targets = (
				14F31BCA1F36E9F400A44180 /* UserNotification */,
			);
		};
/* End PBXProject section */

/* Begin PBXResourcesBuildPhase section */
		14F31BC91F36E9F400A44180 /* Resources */ = {
			isa = PBXResourcesBuildPhase;
			buildActionMask = 2147483647;
			files = (
				14F31BD91F36E9F400A44180 /* LaunchScreen.storyboard in Resources */,
				14F31BD61F36E9F400A44180 /* Assets.xcassets in Resources */,
				14F31BD41F36E9F400A44180 /* Main.storyboard in Resources */,
			);
			runOnlyForDeploymentPostprocessing = 0;
		};
/* End PBXResourcesBuildPhase section */

/* Begin PBXSourcesBuildPhase section */
		14F31BC71F36E9F400A44180 /* Sources */ = {
			isa = PBXSourcesBuildPhase;
			buildActionMask = 2147483647;
			files = (
				14F31BD11F36E9F400A44180 /* ViewController.swift in Sources */,
				14F31BCF1F36E9F400A44180 /* AppDelegate.swift in Sources */,
			);
			runOnlyForDeploymentPostprocessing = 0;
		};
/* End PBXSourcesBuildPhase section */

/* Begin PBXVariantGroup section */
		14F31BD21F36E9F400A44180 /* Main.storyboard */ = {
			isa = PBXVariantGroup;
			children = (
				14F31BD31F36E9F400A44180 /* Base */,
			);
			name = Main.storyboard;
			sourceTree = "<group>";
		};
		14F31BD71F36E9F400A44180 /* LaunchScreen.storyboard */ = {
			isa = PBXVariantGroup;
			children = (
				14F31BD81F36E9F400A44180 /* Base */,
			);
			name = LaunchScreen.storyboard;
			sourceTree = "<group>";
		};
/* End PBXVariantGroup section */

/* Begin XCBuildConfiguration section */
		14F31BDB1F36E9F400A44180 /* Debug */ = {
			isa = XCBuildConfiguration;
			buildSettings = {
				ALWAYS_SEARCH_USER_PATHS = NO;
				CLANG_ANALYZER_NONNULL = YES;
				CLANG_ANALYZER_NUMBER_OBJECT_CONVERSION = YES_AGGRESSIVE;
				CLANG_CXX_LANGUAGE_STANDARD = "gnu++0x";
				CLANG_CXX_LIBRARY = "libc++";
				CLANG_ENABLE_MODULES = YES;
				CLANG_ENABLE_OBJC_ARC = YES;
				CLANG_WARN_BOOL_CONVERSION = YES;
				CLANG_WARN_CONSTANT_CONVERSION = YES;
				CLANG_WARN_DIRECT_OBJC_ISA_USAGE = YES_ERROR;
				CLANG_WARN_DOCUMENTATION_COMMENTS = YES;
				CLANG_WARN_EMPTY_BODY = YES;
				CLANG_WARN_ENUM_CONVERSION = YES;
				CLANG_WARN_INFINITE_RECURSION = YES;
				CLANG_WARN_INT_CONVERSION = YES;
				CLANG_WARN_OBJC_ROOT_CLASS = YES_ERROR;
				CLANG_WARN_SUSPICIOUS_MOVE = YES;
				CLANG_WARN_UNREACHABLE_CODE = YES;
				CLANG_WARN__DUPLICATE_METHOD_MATCH = YES;
				"CODE_SIGN_IDENTITY[sdk=iphoneos*]" = "iPhone Developer";
				COPY_PHASE_STRIP = NO;
				DEBUG_INFORMATION_FORMAT = dwarf;
				ENABLE_STRICT_OBJC_MSGSEND = YES;
				ENABLE_TESTABILITY = YES;
				GCC_C_LANGUAGE_STANDARD = gnu99;
				GCC_DYNAMIC_NO_PIC = NO;
				GCC_NO_COMMON_BLOCKS = YES;
				GCC_OPTIMIZATION_LEVEL = 0;
				GCC_PREPROCESSOR_DEFINITIONS = (
					"DEBUG=1",
					"$(inherited)",
				);
				GCC_WARN_64_TO_32_BIT_CONVERSION = YES;
				GCC_WARN_ABOUT_RETURN_TYPE = YES_ERROR;
				GCC_WARN_UNDECLARED_SELECTOR = YES;
				GCC_WARN_UNINITIALIZED_AUTOS = YES_AGGRESSIVE;
				GCC_WARN_UNUSED_FUNCTION = YES;
				GCC_WARN_UNUSED_VARIABLE = YES;
				IPHONEOS_DEPLOYMENT_TARGET = 10.3;
				MTL_ENABLE_DEBUG_INFO = YES;
				ONLY_ACTIVE_ARCH = YES;
				SDKROOT = iphoneos;
				SWIFT_ACTIVE_COMPILATION_CONDITIONS = DEBUG;
				SWIFT_OPTIMIZATION_LEVEL = "-Onone";
			};
			name = Debug;
		};
		14F31BDC1F36E9F400A44180 /* Release */ = {
			isa = XCBuildConfiguration;
			buildSettings = {
				ALWAYS_SEARCH_USER_PATHS = NO;
				CLANG_ANALYZER_NONNULL = YES;
				CLANG_ANALYZER_NUMBER_OBJECT_CONVERSION = YES_AGGRESSIVE;
				CLANG_CXX_LANGUAGE_STANDARD = "gnu++0x";
				CLANG_CXX_LIBRARY = "libc++";
				CLANG_ENABLE_MODULES = YES;
				CLANG_ENABLE_OBJC_ARC = YES;
				CLANG_WARN_BOOL_CONVERSION = YES;
				CLANG_WARN_CONSTANT_CONVERSION = YES;
				CLANG_WARN_DIRECT_OBJC_ISA_USAGE = YES_ERROR;
				CLANG_WARN_DOCUMENTATION_COMMENTS = YES;
				CLANG_WARN_EMPTY_BODY = YES;
				CLANG_WARN_ENUM_CONVERSION = YES;
				CLANG_WARN_INFINITE_RECURSION = YES;
				CLANG_WARN_INT_CONVERSION = YES;
				CLANG_WARN_OBJC_ROOT_CLASS = YES_ERROR;
				CLANG_WARN_SUSPICIOUS_MOVE = YES;
				CLANG_WARN_UNREACHABLE_CODE = YES;
				CLANG_WARN__DUPLICATE_METHOD_MATCH = YES;
				"CODE_SIGN_IDENTITY[sdk=iphoneos*]" = "iPhone Developer";
				COPY_PHASE_STRIP = NO;
				DEBUG_INFORMATION_FORMAT = "dwarf-with-dsym";
				ENABLE_NS_ASSERTIONS = NO;
				ENABLE_STRICT_OBJC_MSGSEND = YES;
				GCC_C_LANGUAGE_STANDARD = gnu99;
				GCC_NO_COMMON_BLOCKS = YES;
				GCC_WARN_64_TO_32_BIT_CONVERSION = YES;
				GCC_WARN_ABOUT_RETURN_TYPE = YES_ERROR;
				GCC_WARN_UNDECLARED_SELECTOR = YES;
				GCC_WARN_UNINITIALIZED_AUTOS = YES_AGGRESSIVE;
				GCC_WARN_UNUSED_FUNCTION = YES;
				GCC_WARN_UNUSED_VARIABLE = YES;
				IPHONEOS_DEPLOYMENT_TARGET = 10.3;
				MTL_ENABLE_DEBUG_INFO = NO;
				SDKROOT = iphoneos;
				SWIFT_OPTIMIZATION_LEVEL = "-Owholemodule";
				VALIDATE_PRODUCT = YES;
			};
			name = Release;
		};
		14F31BDE1F36E9F400A44180 /* Debug */ = {
			isa = XCBuildConfiguration;
			buildSettings = {
				ASSETCATALOG_COMPILER_APPICON_NAME = AppIcon;
				DEVELOPMENT_TEAM = T8A579Y9HW;
				INFOPLIST_FILE = UserNotification/Info.plist;
				LD_RUNPATH_SEARCH_PATHS = "$(inherited) @executable_path/Frameworks";
				PRODUCT_BUNDLE_IDENTIFIER = Zedd.UserNotification;
				PRODUCT_NAME = "$(TARGET_NAME)";
				SWIFT_VERSION = 3.0;
			};
			name = Debug;
		};
		14F31BDF1F36E9F400A44180 /* Release */ = {
			isa = XCBuildConfiguration;
			buildSettings = {
				ASSETCATALOG_COMPILER_APPICON_NAME = AppIcon;
				DEVELOPMENT_TEAM = T8A579Y9HW;
				INFOPLIST_FILE = UserNotification/Info.plist;
				LD_RUNPATH_SEARCH_PATHS = "$(inherited) @executable_path/Frameworks";
				PRODUCT_BUNDLE_IDENTIFIER = Zedd.UserNotification;
				PRODUCT_NAME = "$(TARGET_NAME)";
				SWIFT_VERSION = 3.0;
			};
			name = Release;
		};
/* End XCBuildConfiguration section */

/* Begin XCConfigurationList section */
		14F31BC61F36E9F400A44180 /* Build configuration list for PBXProject "UserNotification" */ = {
			isa = XCConfigurationList;
			buildConfigurations = (
				14F31BDB1F36E9F400A44180 /* Debug */,
				14F31BDC1F36E9F400A44180 /* Release */,
			);
			defaultConfigurationIsVisible = 0;
			defaultConfigurationName = Release;
		};
		14F31BDD1F36E9F400A44180 /* Build configuration list for PBXNativeTarget "UserNotification" */ = {
			isa = XCConfigurationList;
			buildConfigurations = (
				14F31BDE1F36E9F400A44180 /* Debug */,
				14F31BDF1F36E9F400A44180 /* Release */,
			);
			defaultConfigurationIsVisible = 0;
		};
/* End XCConfigurationList section */
	};
	rootObject = 14F31BC31F36E9F400A44180 /* Project object */;
}
